<?xml version="1.0" encoding="UTF-8"?>
<!DOCTYPE plist PUBLIC "-//Apple//DTD PLIST 1.0//EN" "http://www.apple.com/DTDs/PropertyList-1.0.dtd">
<plist version="1.0">
<dict>
	<key>archiveVersion</key>
	<string>1</string>
	<key>classes</key>
	<dict/>
	<key>objectVersion</key>
	<string>46</string>
	<key>objects</key>
	<dict>
		<key>111ac6ff2e82bb36e8c9e81a</key>
		<dict>
			<key>fileRef</key>
			<string>F523D42417C1985900506621</string>
			<key>isa</key>
			<string>PBXBuildFile</string>
		</dict>
		<key>19bdf3856200508d4650c533</key>
		<dict>
			<key>fileRef</key>
			<string>F523D41B17C1985900506621</string>
			<key>isa</key>
			<string>PBXBuildFile</string>
		</dict>
		<key>1dd1fa3df3478623e5d0bd68</key>
		<dict>
			<key>fileRef</key>
			<string>F523D46E17C19EC700506621</string>
			<key>isa</key>
			<string>PBXBuildFile</string>
		</dict>
		<key>26ea1515574f19719634c51d</key>
		<dict>
			<key>buildConfigurationList</key>
			<string>79d5bfca533065827394f03a</string>
			<key>buildPhases</key>
			<array>
				<string>952e8f770c93949b0db12601</string>
				<string>acf8ec6a25278385668f15fc</string>
				<string>a8f3bf3fb41d2eb76f716308</string>
			</array>
			<key>buildRules</key>
			<array/>
			<key>dependencies</key>
			<array/>
			<key>isa</key>
			<string>PBXNativeTarget</string>
			<key>name</key>
			<string>Issue154-cal</string>
			<key>productName</key>
			<string>Issue154-cal</string>
			<key>productReference</key>
			<string>ff1b00140753581bf932c2c2</string>
			<key>productType</key>
			<string>com.apple.product-type.application</string>
		</dict>
		<key>2e031774d0fc297e9b74ea8d</key>
		<dict>
			<key>fileRef</key>
			<string>F523D43417C1985900506621</string>
			<key>isa</key>
			<string>PBXBuildFile</string>
		</dict>
		<key>33fdc10c0da5d195c791b166</key>
		<dict>
			<key>buildSettings</key>
			<dict>
				<key>FRAMEWORK_SEARCH_PATHS</key>
				<array>
					<string>$(inherited)</string>
					<string>"$(SRCROOT)"</string>
				</array>
				<key>GCC_PRECOMPILE_PREFIX_HEADER</key>
				<string>YES</string>
				<key>GCC_PREFIX_HEADER</key>
				<string>Issue154/Issue154-Prefix.pch</string>
				<key>INFOPLIST_FILE</key>
				<string>Issue154/Issue154-Info.plist</string>
				<key>LIBRARY_SEARCH_PATHS</key>
				<string>$(inherited)</string>
				<key>OTHER_LDFLAGS</key>
				<array>
					<string>-force_load</string>
					<string>/Applications/Xcode.app/Contents/Developer/Platforms/iPhoneOS.platform/Developer/SDKs/iPhoneOS6.1.sdk/usr/lib/libz.dylib</string>
					<string>$(inherited)</string>
					<string>"$(SRCROOT)/calabash.framework/calabash"</string>
					<string>-lstdc++</string>
				</array>
				<key>PRODUCT_NAME</key>
				<string>$(TARGET_NAME)</string>
				<key>WRAPPER_EXTENSION</key>
				<string>app</string>
			</dict>
			<key>isa</key>
			<string>XCBuildConfiguration</string>
			<key>name</key>
			<string>Release</string>
		</dict>
		<key>4ee395ebf1b5c7b4be04a6b1</key>
		<dict>
			<key>fileRef</key>
			<string>F523D43617C1985900506621</string>
			<key>isa</key>
			<string>PBXBuildFile</string>
		</dict>
		<key>5b7087b2d30bc48ca22c0aaf</key>
		<dict>
			<key>fileRef</key>
			<string>F523D42617C1985900506621</string>
			<key>isa</key>
			<string>PBXBuildFile</string>
		</dict>
		<key>5e92343e49ae74ddff10364e</key>
		<dict>
			<key>fileRef</key>
			<string>F523D41217C1985900506621</string>
			<key>isa</key>
			<string>PBXBuildFile</string>
		</dict>
		<key>627085f811e72bc69a83c8c3</key>
		<dict>
			<key>fileEncoding</key>
			<string>4</string>
			<key>isa</key>
			<string>PBXFileReference</string>
			<key>lastKnownFileType</key>
			<string>wrapper.framework</string>
			<key>name</key>
			<string>calabash.framework</string>
			<key>path</key>
			<string>calabash.framework</string>
			<key>sourceTree</key>
			<string>&lt;group&gt;</string>
		</dict>
		<key>6cae448f669e371ec446c6b7</key>
		<dict>
			<key>fileRef</key>
			<string>fbe6655a9f5aaee79c67326d</string>
			<key>isa</key>
			<string>PBXBuildFile</string>
		</dict>
		<key>79d5bfca533065827394f03a</key>
		<dict>
			<key>buildConfigurations</key>
			<array>
				<string>dbb4f4b7adefdce41559397c</string>
				<string>33fdc10c0da5d195c791b166</string>
			</array>
			<key>defaultConfigurationIsVisible</key>
			<string>0</string>
			<key>defaultConfigurationName</key>
			<string>Release</string>
			<key>isa</key>
			<string>XCConfigurationList</string>
		</dict>
		<key>7a0e760315e8fa07955dc02a</key>
		<dict>
			<key>fileRef</key>
			<string>F523D42D17C1985900506621</string>
			<key>isa</key>
			<string>PBXBuildFile</string>
		</dict>
		<key>7d0733e03eb9663802492f5b</key>
		<dict>
			<key>fileRef</key>
			<string>F523D43217C1985900506621</string>
			<key>isa</key>
			<string>PBXBuildFile</string>
		</dict>
		<key>952e8f770c93949b0db12601</key>
		<dict>
			<key>buildActionMask</key>
			<string>2147483647</string>
			<key>files</key>
			<array>
				<string>cac69bbc5f3afaa61891ff5d</string>
				<string>ad037d86cd13d0a1c5363347</string>
				<string>c51487954a466828ecdfd81d</string>
				<string>7d0733e03eb9663802492f5b</string>
			</array>
			<key>isa</key>
			<string>PBXSourcesBuildPhase</string>
			<key>runOnlyForDeploymentPostprocessing</key>
			<string>0</string>
		</dict>
		<key>F523D40617C1985900506621</key>
		<dict>
			<key>children</key>
			<array>
				<string>F523D41817C1985900506621</string>
				<string>F523D41117C1985900506621</string>
				<string>F523D41017C1985900506621</string>
			</array>
			<key>isa</key>
			<string>PBXGroup</string>
			<key>sourceTree</key>
			<string>&lt;group&gt;</string>
		</dict>
		<key>F523D40717C1985900506621</key>
		<dict>
			<key>attributes</key>
			<dict>
				<key>CLASSPREFIX</key>
				<string>Xam</string>
				<key>LastUpgradeCheck</key>
				<string>0460</string>
				<key>ORGANIZATIONNAME</key>
				<string>LJS</string>
			</dict>
			<key>buildConfigurationList</key>
			<string>F523D40A17C1985900506621</string>
			<key>compatibilityVersion</key>
			<string>Xcode 3.2</string>
			<key>developmentRegion</key>
			<string>English</string>
			<key>hasScannedForEncodings</key>
			<string>0</string>
			<key>isa</key>
			<string>PBXProject</string>
			<key>knownRegions</key>
			<array>
				<string>en</string>
			</array>
			<key>mainGroup</key>
			<string>F523D40617C1985900506621</string>
			<key>productRefGroup</key>
			<string>F523D41017C1985900506621</string>
			<key>projectDirPath</key>
			<string></string>
			<key>projectRoot</key>
			<string></string>
			<key>targets</key>
			<array>
				<string>F523D40E17C1985900506621</string>
				<string>26ea1515574f19719634c51d</string>
			</array>
		</dict>
		<key>F523D40A17C1985900506621</key>
		<dict>
			<key>buildConfigurations</key>
			<array>
				<string>F523D43E17C1985900506621</string>
				<string>F523D43F17C1985900506621</string>
			</array>
			<key>defaultConfigurationIsVisible</key>
			<string>0</string>
			<key>defaultConfigurationName</key>
			<string>Release</string>
			<key>isa</key>
			<string>XCConfigurationList</string>
		</dict>
		<key>F523D40B17C1985900506621</key>
		<dict>
			<key>buildActionMask</key>
			<string>2147483647</string>
			<key>files</key>
			<array>
				<string>F523D41F17C1985900506621</string>
				<string>F523D42317C1985900506621</string>
				<string>F523D42C17C1985900506621</string>
				<string>F523D43317C1985900506621</string>
			</array>
			<key>isa</key>
			<string>PBXSourcesBuildPhase</string>
			<key>runOnlyForDeploymentPostprocessing</key>
			<string>0</string>
		</dict>
		<key>F523D40C17C1985900506621</key>
		<dict>
			<key>buildActionMask</key>
			<string>2147483647</string>
			<key>files</key>
			<array>
				<string>F523D46F17C19EC700506621</string>
				<string>F523D41317C1985900506621</string>
				<string>F523D41517C1985900506621</string>
				<string>F523D41717C1985900506621</string>
			</array>
			<key>isa</key>
			<string>PBXFrameworksBuildPhase</string>
			<key>runOnlyForDeploymentPostprocessing</key>
			<string>0</string>
		</dict>
		<key>F523D40D17C1985900506621</key>
		<dict>
			<key>buildActionMask</key>
			<string>2147483647</string>
			<key>files</key>
			<array>
				<string>F523D41D17C1985900506621</string>
				<string>F523D42517C1985900506621</string>
				<string>F523D42717C1985900506621</string>
				<string>F523D42917C1985900506621</string>
				<string>F523D42E17C1985900506621</string>
				<string>F523D43017C1985900506621</string>
				<string>F523D43517C1985900506621</string>
				<string>F523D43717C1985900506621</string>
				<string>F523D43A17C1985900506621</string>
				<string>F523D43D17C1985900506621</string>
			</array>
			<key>isa</key>
			<string>PBXResourcesBuildPhase</string>
			<key>runOnlyForDeploymentPostprocessing</key>
			<string>0</string>
		</dict>
		<key>F523D40E17C1985900506621</key>
		<dict>
			<key>buildConfigurationList</key>
			<string>F523D44017C1985900506621</string>
			<key>buildPhases</key>
			<array>
				<string>F523D40B17C1985900506621</string>
				<string>F523D40C17C1985900506621</string>
				<string>F523D40D17C1985900506621</string>
			</array>
			<key>buildRules</key>
			<array/>
			<key>dependencies</key>
			<array/>
			<key>isa</key>
			<string>PBXNativeTarget</string>
			<key>name</key>
			<string>Issue154</string>
			<key>productName</key>
			<string>Issue154</string>
			<key>productReference</key>
			<string>F523D40F17C1985900506621</string>
			<key>productType</key>
			<string>com.apple.product-type.application</string>
		</dict>
		<key>F523D40F17C1985900506621</key>
		<dict>
			<key>explicitFileType</key>
			<string>wrapper.application</string>
			<key>includeInIndex</key>
			<string>0</string>
			<key>isa</key>
			<string>PBXFileReference</string>
			<key>path</key>
			<string>Issue154.app</string>
			<key>sourceTree</key>
			<string>BUILT_PRODUCTS_DIR</string>
		</dict>
		<key>F523D41017C1985900506621</key>
		<dict>
			<key>children</key>
			<array>
				<string>F523D40F17C1985900506621</string>
			</array>
			<key>isa</key>
			<string>PBXGroup</string>
			<key>name</key>
			<string>Products</string>
			<key>sourceTree</key>
			<string>&lt;group&gt;</string>
		</dict>
		<key>F523D41117C1985900506621</key>
		<dict>
			<key>children</key>
			<array>
				<string>F523D46E17C19EC700506621</string>
				<string>F523D41217C1985900506621</string>
				<string>F523D41417C1985900506621</string>
				<string>F523D41617C1985900506621</string>
				<string>fbe6655a9f5aaee79c67326d</string>
				<string>627085f811e72bc69a83c8c3</string>
			</array>
			<key>isa</key>
			<string>PBXGroup</string>
			<key>name</key>
			<string>Frameworks</string>
			<key>path</key>
			<string></string>
			<key>sourceTree</key>
			<string>&lt;group&gt;</string>
		</dict>
		<key>F523D41217C1985900506621</key>
		<dict>
			<key>isa</key>
			<string>PBXFileReference</string>
			<key>lastKnownFileType</key>
			<string>wrapper.framework</string>
			<key>name</key>
			<string>UIKit.framework</string>
			<key>path</key>
			<string>System/Library/Frameworks/UIKit.framework</string>
			<key>sourceTree</key>
			<string>SDKROOT</string>
		</dict>
		<key>F523D41317C1985900506621</key>
		<dict>
			<key>fileRef</key>
			<string>F523D41217C1985900506621</string>
			<key>isa</key>
			<string>PBXBuildFile</string>
		</dict>
		<key>F523D41417C1985900506621</key>
		<dict>
			<key>isa</key>
			<string>PBXFileReference</string>
			<key>lastKnownFileType</key>
			<string>wrapper.framework</string>
			<key>name</key>
			<string>Foundation.framework</string>
			<key>path</key>
			<string>System/Library/Frameworks/Foundation.framework</string>
			<key>sourceTree</key>
			<string>SDKROOT</string>
		</dict>
		<key>F523D41517C1985900506621</key>
		<dict>
			<key>fileRef</key>
			<string>F523D41417C1985900506621</string>
			<key>isa</key>
			<string>PBXBuildFile</string>
		</dict>
		<key>F523D41617C1985900506621</key>
		<dict>
			<key>isa</key>
			<string>PBXFileReference</string>
			<key>lastKnownFileType</key>
			<string>wrapper.framework</string>
			<key>name</key>
			<string>CoreGraphics.framework</string>
			<key>path</key>
			<string>System/Library/Frameworks/CoreGraphics.framework</string>
			<key>sourceTree</key>
			<string>SDKROOT</string>
		</dict>
		<key>F523D41717C1985900506621</key>
		<dict>
			<key>fileRef</key>
			<string>F523D41617C1985900506621</string>
			<key>isa</key>
			<string>PBXBuildFile</string>
		</dict>
		<key>F523D41817C1985900506621</key>
		<dict>
			<key>children</key>
			<array>
				<string>F523D42117C1985900506621</string>
				<string>F523D42217C1985900506621</string>
				<string>F523D42A17C1985900506621</string>
				<string>F523D42B17C1985900506621</string>
				<string>F523D42D17C1985900506621</string>
				<string>F523D42F17C1985900506621</string>
				<string>F523D43117C1985900506621</string>
				<string>F523D43217C1985900506621</string>
				<string>F523D43417C1985900506621</string>
				<string>F523D43617C1985900506621</string>
				<string>F523D43817C1985900506621</string>
				<string>F523D43B17C1985900506621</string>
				<string>F523D41917C1985900506621</string>
			</array>
			<key>isa</key>
			<string>PBXGroup</string>
			<key>path</key>
			<string>Issue154</string>
			<key>sourceTree</key>
			<string>&lt;group&gt;</string>
		</dict>
		<key>F523D41917C1985900506621</key>
		<dict>
			<key>children</key>
			<array>
				<string>F523D41A17C1985900506621</string>
				<string>F523D41B17C1985900506621</string>
				<string>F523D41E17C1985900506621</string>
				<string>F523D42017C1985900506621</string>
				<string>F523D42417C1985900506621</string>
				<string>F523D42617C1985900506621</string>
				<string>F523D42817C1985900506621</string>
			</array>
			<key>isa</key>
			<string>PBXGroup</string>
			<key>name</key>
			<string>Supporting Files</string>
			<key>sourceTree</key>
			<string>&lt;group&gt;</string>
		</dict>
		<key>F523D41A17C1985900506621</key>
		<dict>
			<key>isa</key>
			<string>PBXFileReference</string>
			<key>lastKnownFileType</key>
			<string>text.plist.xml</string>
			<key>path</key>
			<string>Issue154-Info.plist</string>
			<key>sourceTree</key>
			<string>&lt;group&gt;</string>
		</dict>
		<key>F523D41B17C1985900506621</key>
		<dict>
			<key>children</key>
			<array>
				<string>F523D41C17C1985900506621</string>
			</array>
			<key>isa</key>
			<string>PBXVariantGroup</string>
			<key>name</key>
			<string>InfoPlist.strings</string>
			<key>sourceTree</key>
			<string>&lt;group&gt;</string>
		</dict>
		<key>F523D41C17C1985900506621</key>
		<dict>
			<key>isa</key>
			<string>PBXFileReference</string>
			<key>lastKnownFileType</key>
			<string>text.plist.strings</string>
			<key>name</key>
			<string>en</string>
			<key>path</key>
			<string>en.lproj/InfoPlist.strings</string>
			<key>sourceTree</key>
			<string>&lt;group&gt;</string>
		</dict>
		<key>F523D41D17C1985900506621</key>
		<dict>
			<key>fileRef</key>
			<string>F523D41B17C1985900506621</string>
			<key>isa</key>
			<string>PBXBuildFile</string>
		</dict>
		<key>F523D41E17C1985900506621</key>
		<dict>
			<key>isa</key>
			<string>PBXFileReference</string>
			<key>lastKnownFileType</key>
			<string>sourcecode.c.objc</string>
			<key>path</key>
			<string>main.m</string>
			<key>sourceTree</key>
			<string>&lt;group&gt;</string>
		</dict>
		<key>F523D41F17C1985900506621</key>
		<dict>
			<key>fileRef</key>
			<string>F523D41E17C1985900506621</string>
			<key>isa</key>
			<string>PBXBuildFile</string>
		</dict>
		<key>F523D42017C1985900506621</key>
		<dict>
			<key>isa</key>
			<string>PBXFileReference</string>
			<key>lastKnownFileType</key>
			<string>sourcecode.c.h</string>
			<key>path</key>
			<string>Issue154-Prefix.pch</string>
			<key>sourceTree</key>
			<string>&lt;group&gt;</string>
		</dict>
		<key>F523D42117C1985900506621</key>
		<dict>
			<key>isa</key>
			<string>PBXFileReference</string>
			<key>lastKnownFileType</key>
			<string>sourcecode.c.h</string>
			<key>path</key>
			<string>XamAppDelegate.h</string>
			<key>sourceTree</key>
			<string>&lt;group&gt;</string>
		</dict>
		<key>F523D42217C1985900506621</key>
		<dict>
			<key>isa</key>
			<string>PBXFileReference</string>
			<key>lastKnownFileType</key>
			<string>sourcecode.c.objc</string>
			<key>path</key>
			<string>XamAppDelegate.m</string>
			<key>sourceTree</key>
			<string>&lt;group&gt;</string>
		</dict>
		<key>F523D42317C1985900506621</key>
		<dict>
			<key>fileRef</key>
			<string>F523D42217C1985900506621</string>
			<key>isa</key>
			<string>PBXBuildFile</string>
		</dict>
		<key>F523D42417C1985900506621</key>
		<dict>
			<key>isa</key>
			<string>PBXFileReference</string>
			<key>lastKnownFileType</key>
			<string>image.png</string>
			<key>path</key>
			<string>Default.png</string>
			<key>sourceTree</key>
			<string>&lt;group&gt;</string>
		</dict>
		<key>F523D42517C1985900506621</key>
		<dict>
			<key>fileRef</key>
			<string>F523D42417C1985900506621</string>
			<key>isa</key>
			<string>PBXBuildFile</string>
		</dict>
		<key>F523D42617C1985900506621</key>
		<dict>
			<key>isa</key>
			<string>PBXFileReference</string>
			<key>lastKnownFileType</key>
			<string>image.png</string>
			<key>path</key>
			<string>Default@2x.png</string>
			<key>sourceTree</key>
			<string>&lt;group&gt;</string>
		</dict>
		<key>F523D42717C1985900506621</key>
		<dict>
			<key>fileRef</key>
			<string>F523D42617C1985900506621</string>
			<key>isa</key>
			<string>PBXBuildFile</string>
		</dict>
		<key>F523D42817C1985900506621</key>
		<dict>
			<key>isa</key>
			<string>PBXFileReference</string>
			<key>lastKnownFileType</key>
			<string>image.png</string>
			<key>path</key>
			<string>Default-568h@2x.png</string>
			<key>sourceTree</key>
			<string>&lt;group&gt;</string>
		</dict>
		<key>F523D42917C1985900506621</key>
		<dict>
			<key>fileRef</key>
			<string>F523D42817C1985900506621</string>
			<key>isa</key>
			<string>PBXBuildFile</string>
		</dict>
		<key>F523D42A17C1985900506621</key>
		<dict>
			<key>isa</key>
			<string>PBXFileReference</string>
			<key>lastKnownFileType</key>
			<string>sourcecode.c.h</string>
			<key>path</key>
			<string>XamFirstViewController.h</string>
			<key>sourceTree</key>
			<string>&lt;group&gt;</string>
		</dict>
		<key>F523D42B17C1985900506621</key>
		<dict>
			<key>isa</key>
			<string>PBXFileReference</string>
			<key>lastKnownFileType</key>
			<string>sourcecode.c.objc</string>
			<key>path</key>
			<string>XamFirstViewController.m</string>
			<key>sourceTree</key>
			<string>&lt;group&gt;</string>
		</dict>
		<key>F523D42C17C1985900506621</key>
		<dict>
			<key>fileRef</key>
			<string>F523D42B17C1985900506621</string>
			<key>isa</key>
			<string>PBXBuildFile</string>
		</dict>
		<key>F523D42D17C1985900506621</key>
		<dict>
			<key>isa</key>
			<string>PBXFileReference</string>
			<key>lastKnownFileType</key>
			<string>image.png</string>
			<key>path</key>
			<string>first.png</string>
			<key>sourceTree</key>
			<string>&lt;group&gt;</string>
		</dict>
		<key>F523D42E17C1985900506621</key>
		<dict>
			<key>fileRef</key>
			<string>F523D42D17C1985900506621</string>
			<key>isa</key>
			<string>PBXBuildFile</string>
		</dict>
		<key>F523D42F17C1985900506621</key>
		<dict>
			<key>isa</key>
			<string>PBXFileReference</string>
			<key>lastKnownFileType</key>
			<string>image.png</string>
			<key>path</key>
			<string>first@2x.png</string>
			<key>sourceTree</key>
			<string>&lt;group&gt;</string>
		</dict>
		<key>F523D43017C1985900506621</key>
		<dict>
			<key>fileRef</key>
			<string>F523D42F17C1985900506621</string>
			<key>isa</key>
			<string>PBXBuildFile</string>
		</dict>
		<key>F523D43117C1985900506621</key>
		<dict>
			<key>isa</key>
			<string>PBXFileReference</string>
			<key>lastKnownFileType</key>
			<string>sourcecode.c.h</string>
			<key>path</key>
			<string>XamSecondViewController.h</string>
			<key>sourceTree</key>
			<string>&lt;group&gt;</string>
		</dict>
		<key>F523D43217C1985900506621</key>
		<dict>
			<key>isa</key>
			<string>PBXFileReference</string>
			<key>lastKnownFileType</key>
			<string>sourcecode.c.objc</string>
			<key>path</key>
			<string>XamSecondViewController.m</string>
			<key>sourceTree</key>
			<string>&lt;group&gt;</string>
		</dict>
		<key>F523D43317C1985900506621</key>
		<dict>
			<key>fileRef</key>
			<string>F523D43217C1985900506621</string>
			<key>isa</key>
			<string>PBXBuildFile</string>
		</dict>
		<key>F523D43417C1985900506621</key>
		<dict>
			<key>isa</key>
			<string>PBXFileReference</string>
			<key>lastKnownFileType</key>
			<string>image.png</string>
			<key>path</key>
			<string>second.png</string>
			<key>sourceTree</key>
			<string>&lt;group&gt;</string>
		</dict>
		<key>F523D43517C1985900506621</key>
		<dict>
			<key>fileRef</key>
			<string>F523D43417C1985900506621</string>
			<key>isa</key>
			<string>PBXBuildFile</string>
		</dict>
		<key>F523D43617C1985900506621</key>
		<dict>
			<key>isa</key>
			<string>PBXFileReference</string>
			<key>lastKnownFileType</key>
			<string>image.png</string>
			<key>path</key>
			<string>second@2x.png</string>
			<key>sourceTree</key>
			<string>&lt;group&gt;</string>
		</dict>
		<key>F523D43717C1985900506621</key>
		<dict>
			<key>fileRef</key>
			<string>F523D43617C1985900506621</string>
			<key>isa</key>
			<string>PBXBuildFile</string>
		</dict>
		<key>F523D43817C1985900506621</key>
		<dict>
			<key>children</key>
			<array>
				<string>F523D43917C1985900506621</string>
			</array>
			<key>isa</key>
			<string>PBXVariantGroup</string>
			<key>name</key>
			<string>XamFirstViewController.xib</string>
			<key>sourceTree</key>
			<string>&lt;group&gt;</string>
		</dict>
		<key>F523D43917C1985900506621</key>
		<dict>
			<key>isa</key>
			<string>PBXFileReference</string>
			<key>lastKnownFileType</key>
			<string>file.xib</string>
			<key>name</key>
			<string>en</string>
			<key>path</key>
			<string>en.lproj/XamFirstViewController.xib</string>
			<key>sourceTree</key>
			<string>&lt;group&gt;</string>
		</dict>
		<key>F523D43A17C1985900506621</key>
		<dict>
			<key>fileRef</key>
			<string>F523D43817C1985900506621</string>
			<key>isa</key>
			<string>PBXBuildFile</string>
		</dict>
		<key>F523D43B17C1985900506621</key>
		<dict>
			<key>children</key>
			<array>
				<string>F523D43C17C1985900506621</string>
			</array>
			<key>isa</key>
			<string>PBXVariantGroup</string>
			<key>name</key>
			<string>XamSecondViewController.xib</string>
			<key>sourceTree</key>
			<string>&lt;group&gt;</string>
		</dict>
		<key>F523D43C17C1985900506621</key>
		<dict>
			<key>isa</key>
			<string>PBXFileReference</string>
			<key>lastKnownFileType</key>
			<string>file.xib</string>
			<key>name</key>
			<string>en</string>
			<key>path</key>
			<string>en.lproj/XamSecondViewController.xib</string>
			<key>sourceTree</key>
			<string>&lt;group&gt;</string>
		</dict>
		<key>F523D43D17C1985900506621</key>
		<dict>
			<key>fileRef</key>
			<string>F523D43B17C1985900506621</string>
			<key>isa</key>
			<string>PBXBuildFile</string>
		</dict>
		<key>F523D43E17C1985900506621</key>
		<dict>
			<key>buildSettings</key>
			<dict>
				<key>ALWAYS_SEARCH_USER_PATHS</key>
				<string>NO</string>
				<key>CLANG_CXX_LANGUAGE_STANDARD</key>
				<string>gnu++0x</string>
				<key>CLANG_CXX_LIBRARY</key>
				<string>libc++</string>
				<key>CLANG_ENABLE_OBJC_ARC</key>
				<string>YES</string>
				<key>CLANG_WARN_CONSTANT_CONVERSION</key>
				<string>YES</string>
				<key>CLANG_WARN_EMPTY_BODY</key>
				<string>YES</string>
				<key>CLANG_WARN_ENUM_CONVERSION</key>
				<string>YES</string>
				<key>CLANG_WARN_INT_CONVERSION</key>
				<string>YES</string>
				<key>CLANG_WARN__DUPLICATE_METHOD_MATCH</key>
				<string>YES</string>
				<key>CODE_SIGN_IDENTITY[sdk=iphoneos*]</key>
				<string>iPhone Developer</string>
				<key>COPY_PHASE_STRIP</key>
				<string>NO</string>
				<key>GCC_C_LANGUAGE_STANDARD</key>
				<string>gnu99</string>
				<key>GCC_DYNAMIC_NO_PIC</key>
				<string>NO</string>
				<key>GCC_OPTIMIZATION_LEVEL</key>
				<string>0</string>
				<key>GCC_PREPROCESSOR_DEFINITIONS</key>
				<array>
					<string>DEBUG=1</string>
					<string>$(inherited)</string>
				</array>
				<key>GCC_SYMBOLS_PRIVATE_EXTERN</key>
				<string>NO</string>
				<key>GCC_WARN_ABOUT_RETURN_TYPE</key>
				<string>YES</string>
				<key>GCC_WARN_UNINITIALIZED_AUTOS</key>
				<string>YES</string>
				<key>GCC_WARN_UNUSED_VARIABLE</key>
				<string>YES</string>
				<key>IPHONEOS_DEPLOYMENT_TARGET</key>
				<string>6.1</string>
				<key>ONLY_ACTIVE_ARCH</key>
				<string>YES</string>
				<key>SDKROOT</key>
				<string>iphoneos</string>
			</dict>
			<key>isa</key>
			<string>XCBuildConfiguration</string>
			<key>name</key>
			<string>Debug</string>
		</dict>
		<key>F523D43F17C1985900506621</key>
		<dict>
			<key>buildSettings</key>
			<dict>
				<key>ALWAYS_SEARCH_USER_PATHS</key>
				<string>NO</string>
				<key>CLANG_CXX_LANGUAGE_STANDARD</key>
				<string>gnu++0x</string>
				<key>CLANG_CXX_LIBRARY</key>
				<string>libc++</string>
				<key>CLANG_ENABLE_OBJC_ARC</key>
				<string>YES</string>
				<key>CLANG_WARN_CONSTANT_CONVERSION</key>
				<string>YES</string>
				<key>CLANG_WARN_EMPTY_BODY</key>
				<string>YES</string>
				<key>CLANG_WARN_ENUM_CONVERSION</key>
				<string>YES</string>
				<key>CLANG_WARN_INT_CONVERSION</key>
				<string>YES</string>
				<key>CLANG_WARN__DUPLICATE_METHOD_MATCH</key>
				<string>YES</string>
				<key>CODE_SIGN_IDENTITY[sdk=iphoneos*]</key>
				<string>iPhone Developer</string>
				<key>COPY_PHASE_STRIP</key>
				<string>YES</string>
				<key>GCC_C_LANGUAGE_STANDARD</key>
				<string>gnu99</string>
				<key>GCC_WARN_ABOUT_RETURN_TYPE</key>
				<string>YES</string>
				<key>GCC_WARN_UNINITIALIZED_AUTOS</key>
				<string>YES</string>
				<key>GCC_WARN_UNUSED_VARIABLE</key>
				<string>YES</string>
				<key>IPHONEOS_DEPLOYMENT_TARGET</key>
				<string>6.1</string>
				<key>OTHER_CFLAGS</key>
				<string>-DNS_BLOCK_ASSERTIONS=1</string>
				<key>SDKROOT</key>
				<string>iphoneos</string>
				<key>VALIDATE_PRODUCT</key>
				<string>YES</string>
			</dict>
			<key>isa</key>
			<string>XCBuildConfiguration</string>
			<key>name</key>
			<string>Release</string>
		</dict>
		<key>F523D44017C1985900506621</key>
		<dict>
			<key>buildConfigurations</key>
			<array>
				<string>F523D44117C1985900506621</string>
				<string>F523D44217C1985900506621</string>
			</array>
			<key>defaultConfigurationIsVisible</key>
			<string>0</string>
			<key>defaultConfigurationName</key>
			<string>Release</string>
			<key>isa</key>
			<string>XCConfigurationList</string>
		</dict>
		<key>F523D44117C1985900506621</key>
		<dict>
			<key>buildSettings</key>
			<dict>
				<key>FRAMEWORK_SEARCH_PATHS</key>
				<string>$(inherited)</string>
				<key>GCC_PRECOMPILE_PREFIX_HEADER</key>
				<string>YES</string>
				<key>GCC_PREFIX_HEADER</key>
				<string>Issue154/Issue154-Prefix.pch</string>
				<key>INFOPLIST_FILE</key>
				<string>Issue154/Issue154-Info.plist</string>
				<key>LIBRARY_SEARCH_PATHS</key>
				<string>$(inherited)</string>
				<key>OTHER_LDFLAGS</key>
				<array>
					<string>-force_load</string>
					<string>/Applications/Xcode.app/Contents/Developer/Platforms/iPhoneOS.platform/Developer/SDKs/iPhoneOS6.1.sdk/usr/lib/libz.dylib</string>
				</array>
				<key>PRODUCT_NAME</key>
				<string>$(TARGET_NAME)</string>
				<key>WRAPPER_EXTENSION</key>
				<string>app</string>
			</dict>
			<key>isa</key>
			<string>XCBuildConfiguration</string>
			<key>name</key>
			<string>Debug</string>
		</dict>
		<key>F523D44217C1985900506621</key>
		<dict>
			<key>buildSettings</key>
			<dict>
				<key>FRAMEWORK_SEARCH_PATHS</key>
				<string>$(inherited)</string>
				<key>GCC_PRECOMPILE_PREFIX_HEADER</key>
				<string>YES</string>
				<key>GCC_PREFIX_HEADER</key>
				<string>Issue154/Issue154-Prefix.pch</string>
				<key>INFOPLIST_FILE</key>
				<string>Issue154/Issue154-Info.plist</string>
				<key>LIBRARY_SEARCH_PATHS</key>
				<string>$(inherited)</string>
				<key>OTHER_LDFLAGS</key>
				<array>
					<string>-force_load</string>
					<string>/Applications/Xcode.app/Contents/Developer/Platforms/iPhoneOS.platform/Developer/SDKs/iPhoneOS6.1.sdk/usr/lib/libz.dylib</string>
				</array>
				<key>PRODUCT_NAME</key>
				<string>$(TARGET_NAME)</string>
				<key>WRAPPER_EXTENSION</key>
				<string>app</string>
			</dict>
			<key>isa</key>
			<string>XCBuildConfiguration</string>
			<key>name</key>
			<string>Release</string>
		</dict>
		<key>F523D46E17C19EC700506621</key>
		<dict>
			<key>isa</key>
			<string>PBXFileReference</string>
			<key>lastKnownFileType</key>
			<string>compiled.mach-o.dylib</string>
			<key>name</key>
			<string>libz.dylib</string>
			<key>path</key>
			<string>usr/lib/libz.dylib</string>
			<key>sourceTree</key>
			<string>SDKROOT</string>
		</dict>
		<key>F523D46F17C19EC700506621</key>
		<dict>
			<key>fileRef</key>
			<string>F523D46E17C19EC700506621</string>
			<key>isa</key>
			<string>PBXBuildFile</string>
		</dict>
		<key>a8f3bf3fb41d2eb76f716308</key>
		<dict>
			<key>buildActionMask</key>
			<string>2147483647</string>
			<key>files</key>
			<array>
				<string>19bdf3856200508d4650c533</string>
				<string>111ac6ff2e82bb36e8c9e81a</string>
				<string>5b7087b2d30bc48ca22c0aaf</string>
				<string>e2fd98fcb3ab570a253681fe</string>
				<string>7a0e760315e8fa07955dc02a</string>
				<string>d77657175db1e04df12ea5fa</string>
				<string>2e031774d0fc297e9b74ea8d</string>
				<string>4ee395ebf1b5c7b4be04a6b1</string>
				<string>dcabcdb013ecb49342ee3e72</string>
				<string>cfb5ef663a35697c744884ab</string>
			</array>
			<key>isa</key>
			<string>PBXResourcesBuildPhase</string>
			<key>runOnlyForDeploymentPostprocessing</key>
			<string>0</string>
		</dict>
		<key>acf8ec6a25278385668f15fc</key>
		<dict>
			<key>buildActionMask</key>
			<string>2147483647</string>
			<key>files</key>
			<array>
				<string>1dd1fa3df3478623e5d0bd68</string>
				<string>5e92343e49ae74ddff10364e</string>
				<string>e08d054958492a41dc60a2e6</string>
				<string>e573ff203903e1c47ceb2510</string>
				<string>6cae448f669e371ec446c6b7</string>
				<string>b05e6c93823387386a8f9110</string>
			</array>
			<key>isa</key>
			<string>PBXFrameworksBuildPhase</string>
			<key>runOnlyForDeploymentPostprocessing</key>
			<string>0</string>
		</dict>
		<key>ad037d86cd13d0a1c5363347</key>
		<dict>
			<key>fileRef</key>
			<string>F523D42217C1985900506621</string>
			<key>isa</key>
			<string>PBXBuildFile</string>
		</dict>
		<key>b05e6c93823387386a8f9110</key>
		<dict>
			<key>fileRef</key>
			<string>627085f811e72bc69a83c8c3</string>
			<key>isa</key>
			<string>PBXBuildFile</string>
		</dict>
		<key>c51487954a466828ecdfd81d</key>
		<dict>
			<key>fileRef</key>
			<string>F523D42B17C1985900506621</string>
			<key>isa</key>
			<string>PBXBuildFile</string>
		</dict>
		<key>cac69bbc5f3afaa61891ff5d</key>
		<dict>
			<key>fileRef</key>
			<string>F523D41E17C1985900506621</string>
			<key>isa</key>
			<string>PBXBuildFile</string>
		</dict>
		<key>cfb5ef663a35697c744884ab</key>
		<dict>
			<key>fileRef</key>
			<string>F523D43B17C1985900506621</string>
			<key>isa</key>
			<string>PBXBuildFile</string>
		</dict>
		<key>d77657175db1e04df12ea5fa</key>
		<dict>
			<key>fileRef</key>
			<string>F523D42F17C1985900506621</string>
			<key>isa</key>
			<string>PBXBuildFile</string>
		</dict>
		<key>dbb4f4b7adefdce41559397c</key>
		<dict>
			<key>buildSettings</key>
			<dict>
				<key>FRAMEWORK_SEARCH_PATHS</key>
				<array>
					<string>$(inherited)</string>
					<string>"$(SRCROOT)"</string>
				</array>
				<key>GCC_PRECOMPILE_PREFIX_HEADER</key>
				<string>YES</string>
				<key>GCC_PREFIX_HEADER</key>
				<string>Issue154/Issue154-Prefix.pch</string>
				<key>INFOPLIST_FILE</key>
				<string>Issue154/Issue154-Info.plist</string>
				<key>LIBRARY_SEARCH_PATHS</key>
				<string>$(inherited)</string>
				<key>OTHER_LDFLAGS</key>
				<array>
					<string>-force_load</string>
					<string>/Applications/Xcode.app/Contents/Developer/Platforms/iPhoneOS.platform/Developer/SDKs/iPhoneOS6.1.sdk/usr/lib/libz.dylib</string>
					<string>$(inherited)</string>
					<string>"$(SRCROOT)/calabash.framework/calabash"</string>
					<string>-lstdc++</string>
				</array>
				<key>PRODUCT_NAME</key>
				<string>$(TARGET_NAME)</string>
				<key>WRAPPER_EXTENSION</key>
				<string>app</string>
			</dict>
			<key>isa</key>
			<string>XCBuildConfiguration</string>
			<key>name</key>
			<string>Debug</string>
		</dict>
		<key>dcabcdb013ecb49342ee3e72</key>
		<dict>
			<key>fileRef</key>
			<string>F523D43817C1985900506621</string>
			<key>isa</key>
			<string>PBXBuildFile</string>
		</dict>
		<key>e08d054958492a41dc60a2e6</key>
		<dict>
			<key>fileRef</key>
			<string>F523D41417C1985900506621</string>
			<key>isa</key>
			<string>PBXBuildFile</string>
		</dict>
		<key>e2fd98fcb3ab570a253681fe</key>
		<dict>
			<key>fileRef</key>
			<string>F523D42817C1985900506621</string>
			<key>isa</key>
			<string>PBXBuildFile</string>
		</dict>
		<key>e573ff203903e1c47ceb2510</key>
		<dict>
			<key>fileRef</key>
			<string>F523D41617C1985900506621</string>
			<key>isa</key>
			<string>PBXBuildFile</string>
		</dict>
		<key>fbe6655a9f5aaee79c67326d</key>
		<dict>
			<key>fileEncoding</key>
			<string>4</string>
			<key>isa</key>
			<string>PBXFileReference</string>
			<key>lastKnownFileType</key>
			<string>wrapper.framework</string>
			<key>name</key>
			<string>CFNetwork.framework</string>
			<key>path</key>
			<string>System/Library/Frameworks/CFNetwork.framework</string>
			<key>sourceTree</key>
			<string>SDKROOT</string>
		</dict>
		<key>ff1b00140753581bf932c2c2</key>
		<dict>
			<key>explicitFileType</key>
			<string>wrapper.application</string>
			<key>includeInIndex</key>
			<string>0</string>
			<key>isa</key>
			<string>PBXFileReference</string>
			<key>path</key>
			<string>Issue154-cal.app</string>
			<key>sourceTree</key>
			<string>BUILT_PRODUCTS_DIR</string>
		</dict>
	</dict>
	<key>rootObject</key>
	<string>F523D40717C1985900506621</string>
</dict>
</plist>
